// !$*UTF8*$!
{
	archiveVersion = 1;
	classes = {
	};
	objectVersion = 48;
	objects = {

/* Begin PBXBuildFile section */
		0D308F611EDDD6AC785725BC /* Pods_Final_Assesment_Audrey_July2017.framework in Frameworks */ = {isa = PBXBuildFile; fileRef = 9B94CE46EFDCF1C8956056C8 /* Pods_Final_Assesment_Audrey_July2017.framework */; };
		F837BAFE1F81D070008EF834 /* AppDelegate.swift in Sources */ = {isa = PBXBuildFile; fileRef = F837BAFD1F81D070008EF834 /* AppDelegate.swift */; };
		F837BB001F81D070008EF834 /* ViewController.swift in Sources */ = {isa = PBXBuildFile; fileRef = F837BAFF1F81D070008EF834 /* ViewController.swift */; };
		F837BB031F81D070008EF834 /* Main.storyboard in Resources */ = {isa = PBXBuildFile; fileRef = F837BB011F81D070008EF834 /* Main.storyboard */; };
		F837BB051F81D070008EF834 /* Assets.xcassets in Resources */ = {isa = PBXBuildFile; fileRef = F837BB041F81D070008EF834 /* Assets.xcassets */; };
		F837BB081F81D070008EF834 /* LaunchScreen.storyboard in Resources */ = {isa = PBXBuildFile; fileRef = F837BB061F81D070008EF834 /* LaunchScreen.storyboard */; };
/* End PBXBuildFile section */

/* Begin PBXFileReference section */
		71214843399F84AB52634665 /* Pods-Final Assesment Audrey July2017.release.xcconfig */ = {isa = PBXFileReference; includeInIndex = 1; lastKnownFileType = text.xcconfig; name = "Pods-Final Assesment Audrey July2017.release.xcconfig"; path = "Pods/Target Support Files/Pods-Final Assesment Audrey July2017/Pods-Final Assesment Audrey July2017.release.xcconfig"; sourceTree = "<group>"; };
		9B94CE46EFDCF1C8956056C8 /* Pods_Final_Assesment_Audrey_July2017.framework */ = {isa = PBXFileReference; explicitFileType = wrapper.framework; includeInIndex = 0; path = Pods_Final_Assesment_Audrey_July2017.framework; sourceTree = BUILT_PRODUCTS_DIR; };
		B3E9D6384CBB7CBCB4CA2619 /* Pods-Final Assesment Audrey July2017.debug.xcconfig */ = {isa = PBXFileReference; includeInIndex = 1; lastKnownFileType = text.xcconfig; name = "Pods-Final Assesment Audrey July2017.debug.xcconfig"; path = "Pods/Target Support Files/Pods-Final Assesment Audrey July2017/Pods-Final Assesment Audrey July2017.debug.xcconfig"; sourceTree = "<group>"; };
		F837BAFA1F81D070008EF834 /* Final Assesment Audrey July2017.app */ = {isa = PBXFileReference; explicitFileType = wrapper.application; includeInIndex = 0; path = "Final Assesment Audrey July2017.app"; sourceTree = BUILT_PRODUCTS_DIR; };
		F837BAFD1F81D070008EF834 /* AppDelegate.swift */ = {isa = PBXFileReference; lastKnownFileType = sourcecode.swift; path = AppDelegate.swift; sourceTree = "<group>"; };
		F837BAFF1F81D070008EF834 /* ViewController.swift */ = {isa = PBXFileReference; lastKnownFileType = sourcecode.swift; path = ViewController.swift; sourceTree = "<group>"; };
		F837BB021F81D070008EF834 /* Base */ = {isa = PBXFileReference; lastKnownFileType = file.storyboard; name = Base; path = Base.lproj/Main.storyboard; sourceTree = "<group>"; };
		F837BB041F81D070008EF834 /* Assets.xcassets */ = {isa = PBXFileReference; lastKnownFileType = folder.assetcatalog; path = Assets.xcassets; sourceTree = "<group>"; };
		F837BB071F81D070008EF834 /* Base */ = {isa = PBXFileReference; lastKnownFileType = file.storyboard; name = Base; path = Base.lproj/LaunchScreen.storyboard; sourceTree = "<group>"; };
		F837BB091F81D070008EF834 /* Info.plist */ = {isa = PBXFileReference; lastKnownFileType = text.plist.xml; path = Info.plist; sourceTree = "<group>"; };
		F837BB0F1F81D219008EF834 /* GoogleService-Info.plist */ = {isa = PBXFileReference; lastKnownFileType = text.plist.xml; path = "GoogleService-Info.plist"; sourceTree = "<group>"; };
/* End PBXFileReference section */

/* Begin PBXFrameworksBuildPhase section */
		F837BAF71F81D070008EF834 /* Frameworks */ = {
			isa = PBXFrameworksBuildPhase;
			buildActionMask = 2147483647;
			files = (
				0D308F611EDDD6AC785725BC /* Pods_Final_Assesment_Audrey_July2017.framework in Frameworks */,
			);
			runOnlyForDeploymentPostprocessing = 0;
		};
/* End PBXFrameworksBuildPhase section */

/* Begin PBXGroup section */
		8667A859B108969D3CF32A5E /* Frameworks */ = {
			isa = PBXGroup;
			children = (
				9B94CE46EFDCF1C8956056C8 /* Pods_Final_Assesment_Audrey_July2017.framework */,
			);
			name = Frameworks;
			sourceTree = "<group>";
		};
		88E61BA5C1E946DD02770F2A /* Pods */ = {
			isa = PBXGroup;
			children = (
				B3E9D6384CBB7CBCB4CA2619 /* Pods-Final Assesment Audrey July2017.debug.xcconfig */,
				71214843399F84AB52634665 /* Pods-Final Assesment Audrey July2017.release.xcconfig */,
			);
			name = Pods;
			sourceTree = "<group>";
		};
		F837BAF11F81D070008EF834 = {
			isa = PBXGroup;
			children = (
				F837BAFC1F81D070008EF834 /* Final Assesment Audrey July2017 */,
				F837BAFB1F81D070008EF834 /* Products */,
				88E61BA5C1E946DD02770F2A /* Pods */,
				8667A859B108969D3CF32A5E /* Frameworks */,
			);
			sourceTree = "<group>";
		};
		F837BAFB1F81D070008EF834 /* Products */ = {
			isa = PBXGroup;
			children = (
				F837BAFA1F81D070008EF834 /* Final Assesment Audrey July2017.app */,
			);
			name = Products;
			sourceTree = "<group>";
		};
		F837BAFC1F81D070008EF834 /* Final Assesment Audrey July2017 */ = {
			isa = PBXGroup;
			children = (
				F837BAFD1F81D070008EF834 /* AppDelegate.swift */,
				F837BAFF1F81D070008EF834 /* ViewController.swift */,
				F837BB011F81D070008EF834 /* Main.storyboard */,
				F837BB041F81D070008EF834 /* Assets.xcassets */,
				F837BB061F81D070008EF834 /* LaunchScreen.storyboard */,
				F837BB091F81D070008EF834 /* Info.plist */,
				F837BB0F1F81D219008EF834 /* GoogleService-Info.plist */,
			);
			path = "Final Assesment Audrey July2017";
			sourceTree = "<group>";
		};
/* End PBXGroup section */

/* Begin PBXNativeTarget section */
		F837BAF91F81D070008EF834 /* Final Assesment Audrey July2017 */ = {
			isa = PBXNativeTarget;
			buildConfigurationList = F837BB0C1F81D070008EF834 /* Build configuration list for PBXNativeTarget "Final Assesment Audrey July2017" */;
			buildPhases = (
				A95B19F7C5CD310BD1BC563D /* [CP] Check Pods Manifest.lock */,
				F837BAF61F81D070008EF834 /* Sources */,
				F837BAF71F81D070008EF834 /* Frameworks */,
				F837BAF81F81D070008EF834 /* Resources */,
				53D0D11EB57599E1D5F29111 /* [CP] Embed Pods Frameworks */,
				1EBEF9F3190DC4301BC142E9 /* [CP] Copy Pods Resources */,
			);
			buildRules = (
			);
			dependencies = (
			);
			name = "Final Assesment Audrey July2017";
			productName = "Final Assesment Audrey July2017";
			productReference = F837BAFA1F81D070008EF834 /* Final Assesment Audrey July2017.app */;
			productType = "com.apple.product-type.application";
		};
/* End PBXNativeTarget section */

/* Begin PBXProject section */
		F837BAF21F81D070008EF834 /* Project object */ = {
			isa = PBXProject;
			attributes = {
				LastSwiftUpdateCheck = 0900;
				LastUpgradeCheck = 0900;
				ORGANIZATIONNAME = "Audrey Lim";
				TargetAttributes = {
					F837BAF91F81D070008EF834 = {
						CreatedOnToolsVersion = 9.0;
						ProvisioningStyle = Automatic;
					};
				};
			};
			buildConfigurationList = F837BAF51F81D070008EF834 /* Build configuration list for PBXProject "Final Assesment Audrey July2017" */;
			compatibilityVersion = "Xcode 8.0";
			developmentRegion = en;
			hasScannedForEncodings = 0;
			knownRegions = (
				en,
				Base,
			);
			mainGroup = F837BAF11F81D070008EF834;
			productRefGroup = F837BAFB1F81D070008EF834 /* Products */;
			projectDirPath = "";
			projectRoot = "";
			targets = (
				F837BAF91F81D070008EF834 /* Final Assesment Audrey July2017 */,
			);
		};
/* End PBXProject section */

/* Begin PBXResourcesBuildPhase section */
		F837BAF81F81D070008EF834 /* Resources */ = {
			isa = PBXResourcesBuildPhase;
			buildActionMask = 2147483647;
			files = (
				F837BB081F81D070008EF834 /* LaunchScreen.storyboard in Resources */,
				F837BB051F81D070008EF834 /* Assets.xcassets in Resources */,
				F837BB031F81D070008EF834 /* Main.storyboard in Resources */,
			);
			runOnlyForDeploymentPostprocessing = 0;
		};
/* End PBXResourcesBuildPhase section */

/* Begin PBXShellScriptBuildPhase section */
		1EBEF9F3190DC4301BC142E9 /* [CP] Copy Pods Resources */ = {
			isa = PBXShellScriptBuildPhase;
			buildActionMask = 2147483647;
			files = (
			);
			inputPaths = (
			);
			name = "[CP] Copy Pods Resources";
			outputPaths = (
			);
			runOnlyForDeploymentPostprocessing = 0;
			shellPath = /bin/sh;
			shellScript = "\"${SRCROOT}/Pods/Target Support Files/Pods-Final Assesment Audrey July2017/Pods-Final Assesment Audrey July2017-resources.sh\"\n";
			showEnvVarsInLog = 0;
		};
		53D0D11EB57599E1D5F29111 /* [CP] Embed Pods Frameworks */ = {
			isa = PBXShellScriptBuildPhase;
			buildActionMask = 2147483647;
			files = (
			);
			inputPaths = (
				"${SRCROOT}/Pods/Target Support Files/Pods-Final Assesment Audrey July2017/Pods-Final Assesment Audrey July2017-frameworks.sh",
				"${BUILT_PRODUCTS_DIR}/GTMSessionFetcher/GTMSessionFetcher.framework",
				"${BUILT_PRODUCTS_DIR}/GoogleToolboxForMac/GoogleToolboxForMac.framework",
				"${BUILT_PRODUCTS_DIR}/leveldb-library/leveldb.framework",
				"${BUILT_PRODUCTS_DIR}/nanopb/nanopb.framework",
			);
			name = "[CP] Embed Pods Frameworks";
			outputPaths = (
				"${TARGET_BUILD_DIR}/${FRAMEWORKS_FOLDER_PATH}/GTMSessionFetcher.framework",
				"${TARGET_BUILD_DIR}/${FRAMEWORKS_FOLDER_PATH}/GoogleToolboxForMac.framework",
				"${TARGET_BUILD_DIR}/${FRAMEWORKS_FOLDER_PATH}/leveldb.framework",
				"${TARGET_BUILD_DIR}/${FRAMEWORKS_FOLDER_PATH}/nanopb.framework",
			);
			runOnlyForDeploymentPostprocessing = 0;
			shellPath = /bin/sh;
			shellScript = "\"${SRCROOT}/Pods/Target Support Files/Pods-Final Assesment Audrey July2017/Pods-Final Assesment Audrey July2017-frameworks.sh\"\n";
			showEnvVarsInLog = 0;
		};
		A95B19F7C5CD310BD1BC563D /* [CP] Check Pods Manifest.lock */ = {
			isa = PBXShellScriptBuildPhase;
			buildActionMask = 2147483647;
			files = (
			);
			inputPaths = (
				"${PODS_PODFILE_DIR_PATH}/Podfile.lock",
				"${PODS_ROOT}/Manifest.lock",
			);
			name = "[CP] Check Pods Manifest.lock";
			outputPaths = (
				"$(DERIVED_FILE_DIR)/Pods-Final Assesment Audrey July2017-checkManifestLockResult.txt",
			);
			runOnlyForDeploymentPostprocessing = 0;
			shellPath = /bin/sh;
			shellScript = "diff \"${PODS_PODFILE_DIR_PATH}/Podfile.lock\" \"${PODS_ROOT}/Manifest.lock\" > /dev/null\nif [ $? != 0 ] ; then\n    # print error to STDERR\n    echo \"error: The sandbox is not in sync with the Podfile.lock. Run 'pod install' or update your CocoaPods installation.\" >&2\n    exit 1\nfi\n# This output is used by Xcode 'outputs' to avoid re-running this script phase.\necho \"SUCCESS\" > \"${SCRIPT_OUTPUT_FILE_0}\"\n";
			showEnvVarsInLog = 0;
		};
/* End PBXShellScriptBuildPhase section */

/* Begin PBXSourcesBuildPhase section */
		F837BAF61F81D070008EF834 /* Sources */ = {
			isa = PBXSourcesBuildPhase;
			buildActionMask = 2147483647;
			files = (
				F837BB001F81D070008EF834 /* ViewController.swift in Sources */,
				F837BAFE1F81D070008EF834 /* AppDelegate.swift in Sources */,
			);
			runOnlyForDeploymentPostprocessing = 0;
		};
/* End PBXSourcesBuildPhase section */

/* Begin PBXVariantGroup section */
		F837BB011F81D070008EF834 /* Main.storyboard */ = {
			isa = PBXVariantGroup;
			children = (
				F837BB021F81D070008EF834 /* Base */,
			);
			name = Main.storyboard;
			sourceTree = "<group>";
		};
		F837BB061F81D070008EF834 /* LaunchScreen.storyboard */ = {
			isa = PBXVariantGroup;
			children = (
				F837BB071F81D070008EF834 /* Base */,
			);
			name = LaunchScreen.storyboard;
			sourceTree = "<group>";
		};
/* End PBXVariantGroup section */

/* Begin XCBuildConfiguration section */
		F837BB0A1F81D070008EF834 /* Debug */ = {
			isa = XCBuildConfiguration;
			buildSettings = {
				ALWAYS_SEARCH_USER_PATHS = NO;
				CLANG_ANALYZER_NONNULL = YES;
				CLANG_ANALYZER_NUMBER_OBJECT_CONVERSION = YES_AGGRESSIVE;
				CLANG_CXX_LANGUAGE_STANDARD = "gnu++14";
				CLANG_CXX_LIBRARY = "libc++";
				CLANG_ENABLE_MODULES = YES;
				CLANG_ENABLE_OBJC_ARC = YES;
				CLANG_WARN_BLOCK_CAPTURE_AUTORELEASING = YES;
				CLANG_WARN_BOOL_CONVERSION = YES;
				CLANG_WARN_COMMA = YES;
				CLANG_WARN_CONSTANT_CONVERSION = YES;
				CLANG_WARN_DIRECT_OBJC_ISA_USAGE = YES_ERROR;
				CLANG_WARN_DOCUMENTATION_COMMENTS = YES;
				CLANG_WARN_EMPTY_BODY = YES;
				CLANG_WARN_ENUM_CONVERSION = YES;
				CLANG_WARN_INFINITE_RECURSION = YES;
				CLANG_WARN_INT_CONVERSION = YES;
				CLANG_WARN_NON_LITERAL_NULL_CONVERSION = YES;
				CLANG_WARN_OBJC_LITERAL_CONVERSION = YES;
				CLANG_WARN_OBJC_ROOT_CLASS = YES_ERROR;
				CLANG_WARN_RANGE_LOOP_ANALYSIS = YES;
				CLANG_WARN_STRICT_PROTOTYPES = YES;
				CLANG_WARN_SUSPICIOUS_MOVE = YES;
				CLANG_WARN_UNGUARDED_AVAILABILITY = YES_AGGRESSIVE;
				CLANG_WARN_UNREACHABLE_CODE = YES;
				CLANG_WARN__DUPLICATE_METHOD_MATCH = YES;
				CODE_SIGN_IDENTITY = "iPhone Developer";
				COPY_PHASE_STRIP = NO;
				DEBUG_INFORMATION_FORMAT = dwarf;
				ENABLE_STRICT_OBJC_MSGSEND = YES;
				ENABLE_TESTABILITY = YES;
				GCC_C_LANGUAGE_STANDARD = gnu11;
				GCC_DYNAMIC_NO_PIC = NO;
				GCC_NO_COMMON_BLOCKS = YES;
				GCC_OPTIMIZATION_LEVEL = 0;
				GCC_PREPROCESSOR_DEFINITIONS = (
					"DEBUG=1",
					"$(inherited)",
				);
				GCC_WARN_64_TO_32_BIT_CONVERSION = YES;
				GCC_WARN_ABOUT_RETURN_TYPE = YES_ERROR;
				GCC_WARN_UNDECLARED_SELECTOR = YES;
				GCC_WARN_UNINITIALIZED_AUTOS = YES_AGGRESSIVE;
				GCC_WARN_UNUSED_FUNCTION = YES;
				GCC_WARN_UNUSED_VARIABLE = YES;
				IPHONEOS_DEPLOYMENT_TARGET = 11.0;
				MTL_ENABLE_DEBUG_INFO = YES;
				ONLY_ACTIVE_ARCH = YES;
				SDKROOT = iphoneos;
				SWIFT_ACTIVE_COMPILATION_CONDITIONS = DEBUG;
				SWIFT_OPTIMIZATION_LEVEL = "-Onone";
			};
			name = Debug;
		};
		F837BB0B1F81D070008EF834 /* Release */ = {
			isa = XCBuildConfiguration;
			buildSettings = {
				ALWAYS_SEARCH_USER_PATHS = NO;
				CLANG_ANALYZER_NONNULL = YES;
				CLANG_ANALYZER_NUMBER_OBJECT_CONVERSION = YES_AGGRESSIVE;
				CLANG_CXX_LANGUAGE_STANDARD = "gnu++14";
				CLANG_CXX_LIBRARY = "libc++";
				CLANG_ENABLE_MODULES = YES;
				CLANG_ENABLE_OBJC_ARC = YES;
				CLANG_WARN_BLOCK_CAPTURE_AUTORELEASING = YES;
				CLANG_WARN_BOOL_CONVERSION = YES;
				CLANG_WARN_COMMA = YES;
				CLANG_WARN_CONSTANT_CONVERSION = YES;
				CLANG_WARN_DIRECT_OBJC_ISA_USAGE = YES_ERROR;
				CLANG_WARN_DOCUMENTATION_COMMENTS = YES;
				CLANG_WARN_EMPTY_BODY = YES;
				CLANG_WARN_ENUM_CONVERSION = YES;
				CLANG_WARN_INFINITE_RECURSION = YES;
				CLANG_WARN_INT_CONVERSION = YES;
				CLANG_WARN_NON_LITERAL_NULL_CONVERSION = YES;
				CLANG_WARN_OBJC_LITERAL_CONVERSION = YES;
				CLANG_WARN_OBJC_ROOT_CLASS = YES_ERROR;
				CLANG_WARN_RANGE_LOOP_ANALYSIS = YES;
				CLANG_WARN_STRICT_PROTOTYPES = YES;
				CLANG_WARN_SUSPICIOUS_MOVE = YES;
				CLANG_WARN_UNGUARDED_AVAILABILITY = YES_AGGRESSIVE;
				CLANG_WARN_UNREACHABLE_CODE = YES;
				CLANG_WARN__DUPLICATE_METHOD_MATCH = YES;
				CODE_SIGN_IDENTITY = "iPhone Developer";
				COPY_PHASE_STRIP = NO;
				DEBUG_INFORMATION_FORMAT = "dwarf-with-dsym";
				ENABLE_NS_ASSERTIONS = NO;
				ENABLE_STRICT_OBJC_MSGSEND = YES;
				GCC_C_LANGUAGE_STANDARD = gnu11;
				GCC_NO_COMMON_BLOCKS = YES;
				GCC_WARN_64_TO_32_BIT_CONVERSION = YES;
				GCC_WARN_ABOUT_RETURN_TYPE = YES_ERROR;
				GCC_WARN_UNDECLARED_SELECTOR = YES;
				GCC_WARN_UNINITIALIZED_AUTOS = YES_AGGRESSIVE;
				GCC_WARN_UNUSED_FUNCTION = YES;
				GCC_WARN_UNUSED_VARIABLE = YES;
				IPHONEOS_DEPLOYMENT_TARGET = 11.0;
				MTL_ENABLE_DEBUG_INFO = NO;
				SDKROOT = iphoneos;
				SWIFT_OPTIMIZATION_LEVEL = "-Owholemodule";
				VALIDATE_PRODUCT = YES;
			};
			name = Release;
		};
		F837BB0D1F81D070008EF834 /* Debug */ = {
			isa = XCBuildConfiguration;
			baseConfigurationReference = B3E9D6384CBB7CBCB4CA2619 /* Pods-Final Assesment Audrey July2017.debug.xcconfig */;
			buildSettings = {
				ASSETCATALOG_COMPILER_APPICON_NAME = AppIcon;
				CODE_SIGN_STYLE = Automatic;
				DEVELOPMENT_TEAM = 77P5578ZUS;
				INFOPLIST_FILE = "Final Assesment Audrey July2017/Info.plist";
				LD_RUNPATH_SEARCH_PATHS = "$(inherited) @executable_path/Frameworks";
				PRODUCT_BUNDLE_IDENTIFIER = "com.ixchel.Final-Assesment-Audrey-July2017";
				PRODUCT_NAME = "$(TARGET_NAME)";
				SWIFT_VERSION = 4.0;
				TARGETED_DEVICE_FAMILY = "1,2";
			};
			name = Debug;
		};
		F837BB0E1F81D070008EF834 /* Release */ = {
			isa = XCBuildConfiguration;
			baseConfigurationReference = 71214843399F84AB52634665 /* Pods-Final Assesment Audrey July2017.release.xcconfig */;
			buildSettings = {
				ASSETCATALOG_COMPILER_APPICON_NAME = AppIcon;
				CODE_SIGN_STYLE = Automatic;
				DEVELOPMENT_TEAM = 77P5578ZUS;
				INFOPLIST_FILE = "Final Assesment Audrey July2017/Info.plist";
				LD_RUNPATH_SEARCH_PATHS = "$(inherited) @executable_path/Frameworks";
				PRODUCT_BUNDLE_IDENTIFIER = "com.ixchel.Final-Assesment-Audrey-July2017";
				PRODUCT_NAME = "$(TARGET_NAME)";
				SWIFT_VERSION = 4.0;
				TARGETED_DEVICE_FAMILY = "1,2";
			};
			name = Release;
		};
/* End XCBuildConfiguration section */

/* Begin XCConfigurationList section */
		F837BAF51F81D070008EF834 /* Build configuration list for PBXProject "Final Assesment Audrey July2017" */ = {
			isa = XCConfigurationList;
			buildConfigurations = (
				F837BB0A1F81D070008EF834 /* Debug */,
				F837BB0B1F81D070008EF834 /* Release */,
			);
			defaultConfigurationIsVisible = 0;
			defaultConfigurationName = Release;
		};
		F837BB0C1F81D070008EF834 /* Build configuration list for PBXNativeTarget "Final Assesment Audrey July2017" */ = {
			isa = XCConfigurationList;
			buildConfigurations = (
				F837BB0D1F81D070008EF834 /* Debug */,
				F837BB0E1F81D070008EF834 /* Release */,
			);
			defaultConfigurationIsVisible = 0;
			defaultConfigurationName = Release;
		};
/* End XCConfigurationList section */
	};
	rootObject = F837BAF21F81D070008EF834 /* Project object */;
}
